
Microsoft Visual Studio Solution File, Format Version 12.00
# Visual Studio Version 17
VisualStudioVersion = 17.9.34701.34
MinimumVisualStudioVersion = 10.0.40219.1
Project("{FAE04EC0-301F-11D3-BF4B-00C04F79EFBC}") = "StrawBerryShakeClientDemo", "StrawBerryShakeClientDemo\StrawBerryShakeClientDemo.csproj", "{BBF19BA7-0A77-42B2-A2C5-3225A3820EE8}"
EndProject
Global
	GlobalSection(SolutionConfigurationPlatforms) = preSolution
		Debug|Any CPU = Debug|Any CPU
		Release|Any CPU = Release|Any CPU
	EndGlobalSection
	GlobalSection(ProjectConfigurationPlatforms) = postSolution
		{BBF19BA7-0A77-42B2-A2C5-3225A3820EE8}.Debug|Any CPU.ActiveCfg = Debug|Any CPU
		{BBF19BA7-0A77-42B2-A2C5-3225A3820EE8}.Debug|Any CPU.Build.0 = Debug|Any CPU
		{BBF19BA7-0A77-42B2-A2C5-3225A3820EE8}.Release|Any CPU.ActiveCfg = Release|Any CPU
		{BBF19BA7-0A77-42B2-A2C5-3225A3820EE8}.Release|Any CPU.Build.0 = Release|Any CPU
	EndGlobalSection
	GlobalSection(SolutionProperties) = preSolution
		HideSolutionNode = FALSE
	EndGlobalSection
	GlobalSection(ExtensibilityGlobals) = postSolution
		SolutionGuid = {205B8F50-6077-44C1-9D48-314EDDEA21F8}
	EndGlobalSection
EndGlobal
